
Microsoft Visual Studio Solution File, Format Version 12.00
# Visual Studio 15
VisualStudioVersion = 15.0.27703.2018
MinimumVisualStudioVersion = 10.0.40219.1
Project("{8BC9CEB8-8B4A-11D0-8D11-00A0C91BC942}") = "CSE4095_HW1", "CSE4095_HW1\CSE4095_HW1.vcxproj", "{55722930-AB42-46B2-B4F1-CD554E3FA8DD}"
EndProject
Global
	GlobalSection(SolutionConfigurationPlatforms) = preSolution
		Debug|x64 = Debug|x64
		Debug|x86 = Debug|x86
		Release|x64 = Release|x64
		Release|x86 = Release|x86
	EndGlobalSection
	GlobalSection(ProjectConfigurationPlatforms) = postSolution
		{55722930-AB42-46B2-B4F1-CD554E3FA8DD}.Debug|x64.ActiveCfg = Debug|x64
		{55722930-AB42-46B2-B4F1-CD554E3FA8DD}.Debug|x64.Build.0 = Debug|x64
		{55722930-AB42-46B2-B4F1-CD554E3FA8DD}.Debug|x86.ActiveCfg = Debug|Win32
		{55722930-AB42-46B2-B4F1-CD554E3FA8DD}.Debug|x86.Build.0 = Debug|Win32
		{55722930-AB42-46B2-B4F1-CD554E3FA8DD}.Release|x64.ActiveCfg = Release|x64
		{55722930-AB42-46B2-B4F1-CD554E3FA8DD}.Release|x64.Build.0 = Release|x64
		{55722930-AB42-46B2-B4F1-CD554E3FA8DD}.Release|x86.ActiveCfg = Release|Win32
		{55722930-AB42-46B2-B4F1-CD554E3FA8DD}.Release|x86.Build.0 = Release|Win32
	EndGlobalSection
	GlobalSection(SolutionProperties) = preSolution
		HideSolutionNode = FALSE
	EndGlobalSection
	GlobalSection(ExtensibilityGlobals) = postSolution
		SolutionGuid = {A6131182-269C-4534-81F5-892FBD05F66C}
	EndGlobalSection
EndGlobal
